
Microsoft Visual Studio Solution File, Format Version 12.00
# Visual Studio Version 16
VisualStudioVersion = 16.0.30804.86
MinimumVisualStudioVersion = 10.0.40219.1
Project("{FAE04EC0-301F-11D3-BF4B-00C04F79EFBC}") = "FinancialAdvisorAppUI", "FinancialAdvisorAppUI\FinancialAdvisorAppUI.csproj", "{53B9336D-C025-4F7A-AF41-29EF521B23F0}"
EndProject
Project("{FAE04EC0-301F-11D3-BF4B-00C04F79EFBC}") = "FinancialAdvisorAppAPI", "FinancialAdvisorAppAPI\FinancialAdvisorAppAPI.csproj", "{A117B810-E24B-4952-805F-5E8B5C38E0D1}"
EndProject
Global
	GlobalSection(SolutionConfigurationPlatforms) = preSolution
		Debug|Any CPU = Debug|Any CPU
		Release|Any CPU = Release|Any CPU
	EndGlobalSection
	GlobalSection(ProjectConfigurationPlatforms) = postSolution
		{53B9336D-C025-4F7A-AF41-29EF521B23F0}.Debug|Any CPU.ActiveCfg = Debug|Any CPU
		{53B9336D-C025-4F7A-AF41-29EF521B23F0}.Debug|Any CPU.Build.0 = Debug|Any CPU
		{53B9336D-C025-4F7A-AF41-29EF521B23F0}.Release|Any CPU.ActiveCfg = Release|Any CPU
		{53B9336D-C025-4F7A-AF41-29EF521B23F0}.Release|Any CPU.Build.0 = Release|Any CPU
		{A117B810-E24B-4952-805F-5E8B5C38E0D1}.Debug|Any CPU.ActiveCfg = Debug|Any CPU
		{A117B810-E24B-4952-805F-5E8B5C38E0D1}.Debug|Any CPU.Build.0 = Debug|Any CPU
		{A117B810-E24B-4952-805F-5E8B5C38E0D1}.Release|Any CPU.ActiveCfg = Release|Any CPU
		{A117B810-E24B-4952-805F-5E8B5C38E0D1}.Release|Any CPU.Build.0 = Release|Any CPU
	EndGlobalSection
	GlobalSection(SolutionProperties) = preSolution
		HideSolutionNode = FALSE
	EndGlobalSection
	GlobalSection(ExtensibilityGlobals) = postSolution
		SolutionGuid = {1885766C-D3BF-4C99-B7E1-5E24ACFA7BEC}
	EndGlobalSection
EndGlobal
